
Microsoft Visual Studio Solution File, Format Version 12.00
# Visual Studio Version 17
VisualStudioVersion = 17.0.31903.59
MinimumVisualStudioVersion = 10.0.40219.1
Project("{FAE04EC0-301F-11D3-BF4B-00C04F79EFBC}") = "DataAccess", "DataAccess\DataAccess.csproj", "{F35B391E-FB90-454A-9B05-6A39F618A27F}"
EndProject
Project("{FAE04EC0-301F-11D3-BF4B-00C04F79EFBC}") = "Business", "Business\Business.csproj", "{C0FE0D03-5ECA-4E43-ABC8-2761FEB2B98A}"
EndProject
Project("{FAE04EC0-301F-11D3-BF4B-00C04F79EFBC}") = "Entities", "Entities\Entities.csproj", "{69689A86-3926-4235-9210-F1866BD72BC5}"
EndProject
Project("{FAE04EC0-301F-11D3-BF4B-00C04F79EFBC}") = "ConsoleUI", "ConsoleUI\ConsoleUI.csproj", "{5D3B16F1-A8D3-4FEE-9C4A-B70431E0EBBC}"
EndProject
Global
	GlobalSection(SolutionConfigurationPlatforms) = preSolution
		Debug|Any CPU = Debug|Any CPU
		Release|Any CPU = Release|Any CPU
	EndGlobalSection
	GlobalSection(ProjectConfigurationPlatforms) = postSolution
		{F35B391E-FB90-454A-9B05-6A39F618A27F}.Debug|Any CPU.ActiveCfg = Debug|Any CPU
		{F35B391E-FB90-454A-9B05-6A39F618A27F}.Debug|Any CPU.Build.0 = Debug|Any CPU
		{F35B391E-FB90-454A-9B05-6A39F618A27F}.Release|Any CPU.ActiveCfg = Release|Any CPU
		{F35B391E-FB90-454A-9B05-6A39F618A27F}.Release|Any CPU.Build.0 = Release|Any CPU
		{C0FE0D03-5ECA-4E43-ABC8-2761FEB2B98A}.Debug|Any CPU.ActiveCfg = Debug|Any CPU
		{C0FE0D03-5ECA-4E43-ABC8-2761FEB2B98A}.Debug|Any CPU.Build.0 = Debug|Any CPU
		{C0FE0D03-5ECA-4E43-ABC8-2761FEB2B98A}.Release|Any CPU.ActiveCfg = Release|Any CPU
		{C0FE0D03-5ECA-4E43-ABC8-2761FEB2B98A}.Release|Any CPU.Build.0 = Release|Any CPU
		{69689A86-3926-4235-9210-F1866BD72BC5}.Debug|Any CPU.ActiveCfg = Debug|Any CPU
		{69689A86-3926-4235-9210-F1866BD72BC5}.Debug|Any CPU.Build.0 = Debug|Any CPU
		{69689A86-3926-4235-9210-F1866BD72BC5}.Release|Any CPU.ActiveCfg = Release|Any CPU
		{69689A86-3926-4235-9210-F1866BD72BC5}.Release|Any CPU.Build.0 = Release|Any CPU
		{5D3B16F1-A8D3-4FEE-9C4A-B70431E0EBBC}.Debug|Any CPU.ActiveCfg = Debug|Any CPU
		{5D3B16F1-A8D3-4FEE-9C4A-B70431E0EBBC}.Debug|Any CPU.Build.0 = Debug|Any CPU
		{5D3B16F1-A8D3-4FEE-9C4A-B70431E0EBBC}.Release|Any CPU.ActiveCfg = Release|Any CPU
		{5D3B16F1-A8D3-4FEE-9C4A-B70431E0EBBC}.Release|Any CPU.Build.0 = Release|Any CPU
	EndGlobalSection
	GlobalSection(SolutionProperties) = preSolution
		HideSolutionNode = FALSE
	EndGlobalSection
	GlobalSection(ExtensibilityGlobals) = postSolution
		SolutionGuid = {929931AE-D624-4797-8450-410BF92DF5CA}
	EndGlobalSection
EndGlobal
